// !$*UTF8*$!
{
	archiveVersion = 1;
	classes = {
	};
	objectVersion = 52;
	objects = {

/* Begin PBXBuildFile section */
		DC74D97925309B5800D808D9 /* DiExampleApp.swift in Sources */ = {isa = PBXBuildFile; fileRef = DC74D97825309B5800D808D9 /* DiExampleApp.swift */; };
		DC74D97B25309B5800D808D9 /* ContentView.swift in Sources */ = {isa = PBXBuildFile; fileRef = DC74D97A25309B5800D808D9 /* ContentView.swift */; };
		DC74D97D25309B5900D808D9 /* Assets.xcassets in Resources */ = {isa = PBXBuildFile; fileRef = DC74D97C25309B5900D808D9 /* Assets.xcassets */; };
		DC74D98025309B5900D808D9 /* Preview Assets.xcassets in Resources */ = {isa = PBXBuildFile; fileRef = DC74D97F25309B5900D808D9 /* Preview Assets.xcassets */; };
		DC74D98B25309B5900D808D9 /* DiExampleTests.swift in Sources */ = {isa = PBXBuildFile; fileRef = DC74D98A25309B5900D808D9 /* DiExampleTests.swift */; };
		DC74D99625309B5900D808D9 /* DiExampleUITests.swift in Sources */ = {isa = PBXBuildFile; fileRef = DC74D99525309B5900D808D9 /* DiExampleUITests.swift */; };
		F5C3966F25317EA200A881E9 /* Configuration.swift in Sources */ = {isa = PBXBuildFile; fileRef = F5C3966D25317EA200A881E9 /* Configuration.swift */; };
		F5C3967025317EA200A881E9 /* ProductionConfiguration.swift in Sources */ = {isa = PBXBuildFile; fileRef = F5C3966E25317EA200A881E9 /* ProductionConfiguration.swift */; };
		F5C3968525317F2400A881E9 /* Optional+Apply.swift in Sources */ = {isa = PBXBuildFile; fileRef = F5C3967E25317F2400A881E9 /* Optional+Apply.swift */; };
		F5C3968625317F2400A881E9 /* Optional+Execute.swift in Sources */ = {isa = PBXBuildFile; fileRef = F5C3967F25317F2400A881E9 /* Optional+Execute.swift */; };
		F5C3968725317F2400A881E9 /* Functions.swift in Sources */ = {isa = PBXBuildFile; fileRef = F5C3968025317F2400A881E9 /* Functions.swift */; };
		F5C3968825317F2400A881E9 /* KeychainWrapper.swift in Sources */ = {isa = PBXBuildFile; fileRef = F5C3968225317F2400A881E9 /* KeychainWrapper.swift */; };
		F5C3968925317F2400A881E9 /* KeychainItemAccessibility.swift in Sources */ = {isa = PBXBuildFile; fileRef = F5C3968325317F2400A881E9 /* KeychainItemAccessibility.swift */; };
		F5C3968A25317F2400A881E9 /* Types.swift in Sources */ = {isa = PBXBuildFile; fileRef = F5C3968425317F2400A881E9 /* Types.swift */; };
		F5C3968F253201B700A881E9 /* BaseJsonDecoder.swift in Sources */ = {isa = PBXBuildFile; fileRef = F5C3968E253201B700A881E9 /* BaseJsonDecoder.swift */; };
		F5C39694253201C900A881E9 /* RequestBuilderImpl.swift in Sources */ = {isa = PBXBuildFile; fileRef = F5C39693253201C900A881E9 /* RequestBuilderImpl.swift */; };
		F5C3969A2532021F00A881E9 /* Alamofire in Frameworks */ = {isa = PBXBuildFile; productRef = F5C396992532021F00A881E9 /* Alamofire */; };
		F5C396A02532D22C00A881E9 /* ApiClient.swift in Sources */ = {isa = PBXBuildFile; fileRef = F5C3969F2532D22C00A881E9 /* ApiClient.swift */; };
		F5C396A92532D51700A881E9 /* AccountApiClient.swift in Sources */ = {isa = PBXBuildFile; fileRef = F5C396A82532D51700A881E9 /* AccountApiClient.swift */; };
		F5C396AF2532D63A00A881E9 /* AuthenticatorServiceImpl.swift in Sources */ = {isa = PBXBuildFile; fileRef = F5C396AE2532D63A00A881E9 /* AuthenticatorServiceImpl.swift */; };
		F5C396B42532D65B00A881E9 /* SessionRepositoryImpl.swift in Sources */ = {isa = PBXBuildFile; fileRef = F5C396B32532D65B00A881E9 /* SessionRepositoryImpl.swift */; };
		F5C396C12532D68F00A881E9 /* LoginStatusProviderImpl.swift in Sources */ = {isa = PBXBuildFile; fileRef = F5C396BF2532D68F00A881E9 /* LoginStatusProviderImpl.swift */; };
		F5C396C22532D68F00A881E9 /* LoginProvider.swift in Sources */ = {isa = PBXBuildFile; fileRef = F5C396C02532D68F00A881E9 /* LoginProvider.swift */; };
		F5C396DC2532DB0900A881E9 /* LoginScreen.swift in Sources */ = {isa = PBXBuildFile; fileRef = F5C396DB2532DB0900A881E9 /* LoginScreen.swift */; };
		F5C396E12532DB4900A881E9 /* LoginScreenViewModel.swift in Sources */ = {isa = PBXBuildFile; fileRef = F5C396E02532DB4900A881E9 /* LoginScreenViewModel.swift */; };
/* End PBXBuildFile section */

/* Begin PBXContainerItemProxy section */
		DC74D98725309B5900D808D9 /* PBXContainerItemProxy */ = {
			isa = PBXContainerItemProxy;
			containerPortal = DC74D96D25309B5800D808D9 /* Project object */;
			proxyType = 1;
			remoteGlobalIDString = DC74D97425309B5800D808D9;
			remoteInfo = DiExample;
		};
		DC74D99225309B5900D808D9 /* PBXContainerItemProxy */ = {
			isa = PBXContainerItemProxy;
			containerPortal = DC74D96D25309B5800D808D9 /* Project object */;
			proxyType = 1;
			remoteGlobalIDString = DC74D97425309B5800D808D9;
			remoteInfo = DiExample;
		};
/* End PBXContainerItemProxy section */

/* Begin PBXFileReference section */
		DC74D97525309B5800D808D9 /* DiExample.app */ = {isa = PBXFileReference; explicitFileType = wrapper.application; includeInIndex = 0; path = DiExample.app; sourceTree = BUILT_PRODUCTS_DIR; };
		DC74D97825309B5800D808D9 /* DiExampleApp.swift */ = {isa = PBXFileReference; lastKnownFileType = sourcecode.swift; path = DiExampleApp.swift; sourceTree = "<group>"; };
		DC74D97A25309B5800D808D9 /* ContentView.swift */ = {isa = PBXFileReference; lastKnownFileType = sourcecode.swift; path = ContentView.swift; sourceTree = "<group>"; };
		DC74D97C25309B5900D808D9 /* Assets.xcassets */ = {isa = PBXFileReference; lastKnownFileType = folder.assetcatalog; path = Assets.xcassets; sourceTree = "<group>"; };
		DC74D97F25309B5900D808D9 /* Preview Assets.xcassets */ = {isa = PBXFileReference; lastKnownFileType = folder.assetcatalog; path = "Preview Assets.xcassets"; sourceTree = "<group>"; };
		DC74D98125309B5900D808D9 /* Info.plist */ = {isa = PBXFileReference; lastKnownFileType = text.plist.xml; path = Info.plist; sourceTree = "<group>"; };
		DC74D98625309B5900D808D9 /* DiExampleTests.xctest */ = {isa = PBXFileReference; explicitFileType = wrapper.cfbundle; includeInIndex = 0; path = DiExampleTests.xctest; sourceTree = BUILT_PRODUCTS_DIR; };
		DC74D98A25309B5900D808D9 /* DiExampleTests.swift */ = {isa = PBXFileReference; lastKnownFileType = sourcecode.swift; path = DiExampleTests.swift; sourceTree = "<group>"; };
		DC74D98C25309B5900D808D9 /* Info.plist */ = {isa = PBXFileReference; lastKnownFileType = text.plist.xml; path = Info.plist; sourceTree = "<group>"; };
		DC74D99125309B5900D808D9 /* DiExampleUITests.xctest */ = {isa = PBXFileReference; explicitFileType = wrapper.cfbundle; includeInIndex = 0; path = DiExampleUITests.xctest; sourceTree = BUILT_PRODUCTS_DIR; };
		DC74D99525309B5900D808D9 /* DiExampleUITests.swift */ = {isa = PBXFileReference; lastKnownFileType = sourcecode.swift; path = DiExampleUITests.swift; sourceTree = "<group>"; };
		DC74D99725309B5900D808D9 /* Info.plist */ = {isa = PBXFileReference; lastKnownFileType = text.plist.xml; path = Info.plist; sourceTree = "<group>"; };
		F5C3966D25317EA200A881E9 /* Configuration.swift */ = {isa = PBXFileReference; fileEncoding = 4; lastKnownFileType = sourcecode.swift; path = Configuration.swift; sourceTree = "<group>"; };
		F5C3966E25317EA200A881E9 /* ProductionConfiguration.swift */ = {isa = PBXFileReference; fileEncoding = 4; lastKnownFileType = sourcecode.swift; path = ProductionConfiguration.swift; sourceTree = "<group>"; };
		F5C3967E25317F2400A881E9 /* Optional+Apply.swift */ = {isa = PBXFileReference; fileEncoding = 4; lastKnownFileType = sourcecode.swift; path = "Optional+Apply.swift"; sourceTree = "<group>"; };
		F5C3967F25317F2400A881E9 /* Optional+Execute.swift */ = {isa = PBXFileReference; fileEncoding = 4; lastKnownFileType = sourcecode.swift; path = "Optional+Execute.swift"; sourceTree = "<group>"; };
		F5C3968025317F2400A881E9 /* Functions.swift */ = {isa = PBXFileReference; fileEncoding = 4; lastKnownFileType = sourcecode.swift; path = Functions.swift; sourceTree = "<group>"; };
		F5C3968225317F2400A881E9 /* KeychainWrapper.swift */ = {isa = PBXFileReference; fileEncoding = 4; lastKnownFileType = sourcecode.swift; path = KeychainWrapper.swift; sourceTree = "<group>"; };
		F5C3968325317F2400A881E9 /* KeychainItemAccessibility.swift */ = {isa = PBXFileReference; fileEncoding = 4; lastKnownFileType = sourcecode.swift; path = KeychainItemAccessibility.swift; sourceTree = "<group>"; };
		F5C3968425317F2400A881E9 /* Types.swift */ = {isa = PBXFileReference; fileEncoding = 4; lastKnownFileType = sourcecode.swift; path = Types.swift; sourceTree = "<group>"; };
		F5C3968E253201B700A881E9 /* BaseJsonDecoder.swift */ = {isa = PBXFileReference; fileEncoding = 4; lastKnownFileType = sourcecode.swift; path = BaseJsonDecoder.swift; sourceTree = "<group>"; };
		F5C39693253201C900A881E9 /* RequestBuilderImpl.swift */ = {isa = PBXFileReference; fileEncoding = 4; lastKnownFileType = sourcecode.swift; path = RequestBuilderImpl.swift; sourceTree = "<group>"; };
		F5C3969F2532D22C00A881E9 /* ApiClient.swift */ = {isa = PBXFileReference; fileEncoding = 4; lastKnownFileType = sourcecode.swift; path = ApiClient.swift; sourceTree = "<group>"; };
		F5C396A82532D51700A881E9 /* AccountApiClient.swift */ = {isa = PBXFileReference; fileEncoding = 4; lastKnownFileType = sourcecode.swift; path = AccountApiClient.swift; sourceTree = "<group>"; };
		F5C396AE2532D63A00A881E9 /* AuthenticatorServiceImpl.swift */ = {isa = PBXFileReference; fileEncoding = 4; lastKnownFileType = sourcecode.swift; path = AuthenticatorServiceImpl.swift; sourceTree = "<group>"; };
		F5C396B32532D65B00A881E9 /* SessionRepositoryImpl.swift */ = {isa = PBXFileReference; fileEncoding = 4; lastKnownFileType = sourcecode.swift; path = SessionRepositoryImpl.swift; sourceTree = "<group>"; };
		F5C396BF2532D68F00A881E9 /* LoginStatusProviderImpl.swift */ = {isa = PBXFileReference; fileEncoding = 4; lastKnownFileType = sourcecode.swift; path = LoginStatusProviderImpl.swift; sourceTree = "<group>"; };
		F5C396C02532D68F00A881E9 /* LoginProvider.swift */ = {isa = PBXFileReference; fileEncoding = 4; lastKnownFileType = sourcecode.swift; path = LoginProvider.swift; sourceTree = "<group>"; };
		F5C396DB2532DB0900A881E9 /* LoginScreen.swift */ = {isa = PBXFileReference; lastKnownFileType = sourcecode.swift; path = LoginScreen.swift; sourceTree = "<group>"; };
		F5C396E02532DB4900A881E9 /* LoginScreenViewModel.swift */ = {isa = PBXFileReference; lastKnownFileType = sourcecode.swift; path = LoginScreenViewModel.swift; sourceTree = "<group>"; };
/* End PBXFileReference section */

/* Begin PBXFrameworksBuildPhase section */
		DC74D97225309B5800D808D9 /* Frameworks */ = {
			isa = PBXFrameworksBuildPhase;
			buildActionMask = 2147483647;
			files = (
				F5C3969A2532021F00A881E9 /* Alamofire in Frameworks */,
			);
			runOnlyForDeploymentPostprocessing = 0;
		};
		DC74D98325309B5900D808D9 /* Frameworks */ = {
			isa = PBXFrameworksBuildPhase;
			buildActionMask = 2147483647;
			files = (
			);
			runOnlyForDeploymentPostprocessing = 0;
		};
		DC74D98E25309B5900D808D9 /* Frameworks */ = {
			isa = PBXFrameworksBuildPhase;
			buildActionMask = 2147483647;
			files = (
			);
			runOnlyForDeploymentPostprocessing = 0;
		};
/* End PBXFrameworksBuildPhase section */

/* Begin PBXGroup section */
		DC74D96C25309B5800D808D9 = {
			isa = PBXGroup;
			children = (
				DC74D97725309B5800D808D9 /* DiExample */,
				DC74D98925309B5900D808D9 /* DiExampleTests */,
				DC74D99425309B5900D808D9 /* DiExampleUITests */,
				DC74D97625309B5800D808D9 /* Products */,
			);
			sourceTree = "<group>";
		};
		DC74D97625309B5800D808D9 /* Products */ = {
			isa = PBXGroup;
			children = (
				DC74D97525309B5800D808D9 /* DiExample.app */,
				DC74D98625309B5900D808D9 /* DiExampleTests.xctest */,
				DC74D99125309B5900D808D9 /* DiExampleUITests.xctest */,
			);
			name = Products;
			sourceTree = "<group>";
		};
		DC74D97725309B5800D808D9 /* DiExample */ = {
			isa = PBXGroup;
			children = (
				DC74D9AB25309C7700D808D9 /* Application */,
				F5C3967425317EF600A881E9 /* Library */,
				DC74D9A725309BF600D808D9 /* Configuration */,
				DC74D9A625309BDF00D808D9 /* Resources */,
				DC74D97A25309B5800D808D9 /* ContentView.swift */,
				DC74D97E25309B5900D808D9 /* Preview Content */,
			);
			path = DiExample;
			sourceTree = "<group>";
		};
		DC74D97E25309B5900D808D9 /* Preview Content */ = {
			isa = PBXGroup;
			children = (
				DC74D97F25309B5900D808D9 /* Preview Assets.xcassets */,
			);
			path = "Preview Content";
			sourceTree = "<group>";
		};
		DC74D98925309B5900D808D9 /* DiExampleTests */ = {
			isa = PBXGroup;
			children = (
				DC74D98A25309B5900D808D9 /* DiExampleTests.swift */,
				DC74D98C25309B5900D808D9 /* Info.plist */,
			);
			path = DiExampleTests;
			sourceTree = "<group>";
		};
		DC74D99425309B5900D808D9 /* DiExampleUITests */ = {
			isa = PBXGroup;
			children = (
				DC74D99525309B5900D808D9 /* DiExampleUITests.swift */,
				DC74D99725309B5900D808D9 /* Info.plist */,
			);
			path = DiExampleUITests;
			sourceTree = "<group>";
		};
		DC74D9A625309BDF00D808D9 /* Resources */ = {
			isa = PBXGroup;
			children = (
				DC74D97C25309B5900D808D9 /* Assets.xcassets */,
			);
			path = Resources;
			sourceTree = "<group>";
		};
		DC74D9A725309BF600D808D9 /* Configuration */ = {
			isa = PBXGroup;
			children = (
				F5C3966D25317EA200A881E9 /* Configuration.swift */,
				F5C3966E25317EA200A881E9 /* ProductionConfiguration.swift */,
				DC74D98125309B5900D808D9 /* Info.plist */,
			);
			path = Configuration;
			sourceTree = "<group>";
		};
		DC74D9AB25309C7700D808D9 /* Application */ = {
			isa = PBXGroup;
			children = (
				DC74D9CD2530A73900D808D9 /* Domain */,
				DC74D9AC25309C9200D808D9 /* UI */,
				DC74D97825309B5800D808D9 /* DiExampleApp.swift */,
			);
			path = Application;
			sourceTree = "<group>";
		};
		DC74D9AC25309C9200D808D9 /* UI */ = {
			isa = PBXGroup;
			children = (
				DC74D9AD25309C9F00D808D9 /* Screens */,
			);
			path = UI;
			sourceTree = "<group>";
		};
		DC74D9AD25309C9F00D808D9 /* Screens */ = {
			isa = PBXGroup;
			children = (
				F5C396CF2532D73500A881E9 /* Login */,
			);
			path = Screens;
			sourceTree = "<group>";
		};
		DC74D9CD2530A73900D808D9 /* Domain */ = {
			isa = PBXGroup;
			children = (
				F5C396AD2532D63000A881E9 /* Service */,
				F5C396A72532D4E700A881E9 /* ApiClient */,
				F5C3966225317E3C00A881E9 /* Entity */,
				F5C3965A253177D600A881E9 /* Repository */,
				DC74D9CE2530A73D00D808D9 /* Providers */,
			);
			path = Domain;
			sourceTree = "<group>";
		};
		DC74D9CE2530A73D00D808D9 /* Providers */ = {
			isa = PBXGroup;
			children = (
				F5C396C02532D68F00A881E9 /* LoginProvider.swift */,
				F5C396BF2532D68F00A881E9 /* LoginStatusProviderImpl.swift */,
			);
			path = Providers;
			sourceTree = "<group>";
		};
		F5C3965A253177D600A881E9 /* Repository */ = {
			isa = PBXGroup;
			children = (
				F5C396B32532D65B00A881E9 /* SessionRepositoryImpl.swift */,
			);
			path = Repository;
			sourceTree = "<group>";
		};
		F5C3966225317E3C00A881E9 /* Entity */ = {
			isa = PBXGroup;
			children = (
			);
			path = Entity;
			sourceTree = "<group>";
		};
		F5C3967425317EF600A881E9 /* Library */ = {
			isa = PBXGroup;
			children = (
				F5C3969E2532D21800A881E9 /* Network */,
				F5C3967D25317F2400A881E9 /* Foundation */,
			);
			path = Library;
			sourceTree = "<group>";
		};
		F5C3967D25317F2400A881E9 /* Foundation */ = {
			isa = PBXGroup;
			children = (
				F5C3967E25317F2400A881E9 /* Optional+Apply.swift */,
				F5C3967F25317F2400A881E9 /* Optional+Execute.swift */,
				F5C3968025317F2400A881E9 /* Functions.swift */,
				F5C3968125317F2400A881E9 /* Keychain */,
				F5C3968425317F2400A881E9 /* Types.swift */,
				F5C39693253201C900A881E9 /* RequestBuilderImpl.swift */,
				F5C3968E253201B700A881E9 /* BaseJsonDecoder.swift */,
			);
			path = Foundation;
			sourceTree = "<group>";
		};
		F5C3968125317F2400A881E9 /* Keychain */ = {
			isa = PBXGroup;
			children = (
				F5C3968225317F2400A881E9 /* KeychainWrapper.swift */,
				F5C3968325317F2400A881E9 /* KeychainItemAccessibility.swift */,
			);
			path = Keychain;
			sourceTree = "<group>";
		};
		F5C3969E2532D21800A881E9 /* Network */ = {
			isa = PBXGroup;
			children = (
				F5C3969F2532D22C00A881E9 /* ApiClient.swift */,
			);
			path = Network;
			sourceTree = "<group>";
		};
		F5C396A72532D4E700A881E9 /* ApiClient */ = {
			isa = PBXGroup;
			children = (
				F5C396A82532D51700A881E9 /* AccountApiClient.swift */,
			);
			path = ApiClient;
			sourceTree = "<group>";
		};
		F5C396AD2532D63000A881E9 /* Service */ = {
			isa = PBXGroup;
			children = (
				F5C396AE2532D63A00A881E9 /* AuthenticatorServiceImpl.swift */,
			);
			path = Service;
			sourceTree = "<group>";
		};
		F5C396CF2532D73500A881E9 /* Login */ = {
			isa = PBXGroup;
			children = (
				F5C396DB2532DB0900A881E9 /* LoginScreen.swift */,
				F5C396E02532DB4900A881E9 /* LoginScreenViewModel.swift */,
			);
			path = Login;
			sourceTree = "<group>";
		};
/* End PBXGroup section */

/* Begin PBXNativeTarget section */
		DC74D97425309B5800D808D9 /* DiExample */ = {
			isa = PBXNativeTarget;
			buildConfigurationList = DC74D99A25309B5900D808D9 /* Build configuration list for PBXNativeTarget "DiExample" */;
			buildPhases = (
				DC74D97125309B5800D808D9 /* Sources */,
				DC74D97225309B5800D808D9 /* Frameworks */,
				DC74D97325309B5800D808D9 /* Resources */,
			);
			buildRules = (
			);
			dependencies = (
			);
			name = DiExample;
			packageProductDependencies = (
				F5C396992532021F00A881E9 /* Alamofire */,
			);
			productName = DiExample;
			productReference = DC74D97525309B5800D808D9 /* DiExample.app */;
			productType = "com.apple.product-type.application";
		};
		DC74D98525309B5900D808D9 /* DiExampleTests */ = {
			isa = PBXNativeTarget;
			buildConfigurationList = DC74D99D25309B5900D808D9 /* Build configuration list for PBXNativeTarget "DiExampleTests" */;
			buildPhases = (
				DC74D98225309B5900D808D9 /* Sources */,
				DC74D98325309B5900D808D9 /* Frameworks */,
				DC74D98425309B5900D808D9 /* Resources */,
			);
			buildRules = (
			);
			dependencies = (
				DC74D98825309B5900D808D9 /* PBXTargetDependency */,
			);
			name = DiExampleTests;
			productName = DiExampleTests;
			productReference = DC74D98625309B5900D808D9 /* DiExampleTests.xctest */;
			productType = "com.apple.product-type.bundle.unit-test";
		};
		DC74D99025309B5900D808D9 /* DiExampleUITests */ = {
			isa = PBXNativeTarget;
			buildConfigurationList = DC74D9A025309B5900D808D9 /* Build configuration list for PBXNativeTarget "DiExampleUITests" */;
			buildPhases = (
				DC74D98D25309B5900D808D9 /* Sources */,
				DC74D98E25309B5900D808D9 /* Frameworks */,
				DC74D98F25309B5900D808D9 /* Resources */,
			);
			buildRules = (
			);
			dependencies = (
				DC74D99325309B5900D808D9 /* PBXTargetDependency */,
			);
			name = DiExampleUITests;
			productName = DiExampleUITests;
			productReference = DC74D99125309B5900D808D9 /* DiExampleUITests.xctest */;
			productType = "com.apple.product-type.bundle.ui-testing";
		};
/* End PBXNativeTarget section */

/* Begin PBXProject section */
		DC74D96D25309B5800D808D9 /* Project object */ = {
			isa = PBXProject;
			attributes = {
				LastSwiftUpdateCheck = 1200;
				LastUpgradeCheck = 1200;
				TargetAttributes = {
					DC74D97425309B5800D808D9 = {
						CreatedOnToolsVersion = 12.0.1;
					};
					DC74D98525309B5900D808D9 = {
						CreatedOnToolsVersion = 12.0.1;
						TestTargetID = DC74D97425309B5800D808D9;
					};
					DC74D99025309B5900D808D9 = {
						CreatedOnToolsVersion = 12.0.1;
						TestTargetID = DC74D97425309B5800D808D9;
					};
				};
			};
			buildConfigurationList = DC74D97025309B5800D808D9 /* Build configuration list for PBXProject "DiExample" */;
			compatibilityVersion = "Xcode 9.3";
			developmentRegion = en;
			hasScannedForEncodings = 0;
			knownRegions = (
				en,
				Base,
			);
			mainGroup = DC74D96C25309B5800D808D9;
			packageReferences = (
				F5C396982532021F00A881E9 /* XCRemoteSwiftPackageReference "Alamofire" */,
			);
			productRefGroup = DC74D97625309B5800D808D9 /* Products */;
			projectDirPath = "";
			projectRoot = "";
			targets = (
				DC74D97425309B5800D808D9 /* DiExample */,
				DC74D98525309B5900D808D9 /* DiExampleTests */,
				DC74D99025309B5900D808D9 /* DiExampleUITests */,
			);
		};
/* End PBXProject section */

/* Begin PBXResourcesBuildPhase section */
		DC74D97325309B5800D808D9 /* Resources */ = {
			isa = PBXResourcesBuildPhase;
			buildActionMask = 2147483647;
			files = (
				DC74D98025309B5900D808D9 /* Preview Assets.xcassets in Resources */,
				DC74D97D25309B5900D808D9 /* Assets.xcassets in Resources */,
			);
			runOnlyForDeploymentPostprocessing = 0;
		};
		DC74D98425309B5900D808D9 /* Resources */ = {
			isa = PBXResourcesBuildPhase;
			buildActionMask = 2147483647;
			files = (
			);
			runOnlyForDeploymentPostprocessing = 0;
		};
		DC74D98F25309B5900D808D9 /* Resources */ = {
			isa = PBXResourcesBuildPhase;
			buildActionMask = 2147483647;
			files = (
			);
			runOnlyForDeploymentPostprocessing = 0;
		};
/* End PBXResourcesBuildPhase section */

/* Begin PBXSourcesBuildPhase section */
		DC74D97125309B5800D808D9 /* Sources */ = {
			isa = PBXSourcesBuildPhase;
			buildActionMask = 2147483647;
			files = (
				DC74D97B25309B5800D808D9 /* ContentView.swift in Sources */,
				F5C396B42532D65B00A881E9 /* SessionRepositoryImpl.swift in Sources */,
				F5C3968525317F2400A881E9 /* Optional+Apply.swift in Sources */,
				F5C3968625317F2400A881E9 /* Optional+Execute.swift in Sources */,
				F5C3968925317F2400A881E9 /* KeychainItemAccessibility.swift in Sources */,
				F5C396A92532D51700A881E9 /* AccountApiClient.swift in Sources */,
				DC74D97925309B5800D808D9 /* DiExampleApp.swift in Sources */,
				F5C3968725317F2400A881E9 /* Functions.swift in Sources */,
				F5C396C22532D68F00A881E9 /* LoginProvider.swift in Sources */,
				F5C39694253201C900A881E9 /* RequestBuilderImpl.swift in Sources */,
				F5C396A02532D22C00A881E9 /* ApiClient.swift in Sources */,
				F5C3968825317F2400A881E9 /* KeychainWrapper.swift in Sources */,
				F5C3968A25317F2400A881E9 /* Types.swift in Sources */,
				F5C396AF2532D63A00A881E9 /* AuthenticatorServiceImpl.swift in Sources */,
				F5C3968F253201B700A881E9 /* BaseJsonDecoder.swift in Sources */,
				F5C3966F25317EA200A881E9 /* Configuration.swift in Sources */,
				F5C3967025317EA200A881E9 /* ProductionConfiguration.swift in Sources */,
				F5C396DC2532DB0900A881E9 /* LoginScreen.swift in Sources */,
				F5C396E12532DB4900A881E9 /* LoginScreenViewModel.swift in Sources */,
				F5C396C12532D68F00A881E9 /* LoginStatusProviderImpl.swift in Sources */,
			);
			runOnlyForDeploymentPostprocessing = 0;
		};
		DC74D98225309B5900D808D9 /* Sources */ = {
			isa = PBXSourcesBuildPhase;
			buildActionMask = 2147483647;
			files = (
				DC74D98B25309B5900D808D9 /* DiExampleTests.swift in Sources */,
			);
			runOnlyForDeploymentPostprocessing = 0;
		};
		DC74D98D25309B5900D808D9 /* Sources */ = {
			isa = PBXSourcesBuildPhase;
			buildActionMask = 2147483647;
			files = (
				DC74D99625309B5900D808D9 /* DiExampleUITests.swift in Sources */,
			);
			runOnlyForDeploymentPostprocessing = 0;
		};
/* End PBXSourcesBuildPhase section */

/* Begin PBXTargetDependency section */
		DC74D98825309B5900D808D9 /* PBXTargetDependency */ = {
			isa = PBXTargetDependency;
			target = DC74D97425309B5800D808D9 /* DiExample */;
			targetProxy = DC74D98725309B5900D808D9 /* PBXContainerItemProxy */;
		};
		DC74D99325309B5900D808D9 /* PBXTargetDependency */ = {
			isa = PBXTargetDependency;
			target = DC74D97425309B5800D808D9 /* DiExample */;
			targetProxy = DC74D99225309B5900D808D9 /* PBXContainerItemProxy */;
		};
/* End PBXTargetDependency section */

/* Begin XCBuildConfiguration section */
		DC74D99825309B5900D808D9 /* Debug */ = {
			isa = XCBuildConfiguration;
			buildSettings = {
				ALWAYS_SEARCH_USER_PATHS = NO;
				CLANG_ANALYZER_NONNULL = YES;
				CLANG_ANALYZER_NUMBER_OBJECT_CONVERSION = YES_AGGRESSIVE;
				CLANG_CXX_LANGUAGE_STANDARD = "gnu++14";
				CLANG_CXX_LIBRARY = "libc++";
				CLANG_ENABLE_MODULES = YES;
				CLANG_ENABLE_OBJC_ARC = YES;
				CLANG_ENABLE_OBJC_WEAK = YES;
				CLANG_WARN_BLOCK_CAPTURE_AUTORELEASING = YES;
				CLANG_WARN_BOOL_CONVERSION = YES;
				CLANG_WARN_COMMA = YES;
				CLANG_WARN_CONSTANT_CONVERSION = YES;
				CLANG_WARN_DEPRECATED_OBJC_IMPLEMENTATIONS = YES;
				CLANG_WARN_DIRECT_OBJC_ISA_USAGE = YES_ERROR;
				CLANG_WARN_DOCUMENTATION_COMMENTS = YES;
				CLANG_WARN_EMPTY_BODY = YES;
				CLANG_WARN_ENUM_CONVERSION = YES;
				CLANG_WARN_INFINITE_RECURSION = YES;
				CLANG_WARN_INT_CONVERSION = YES;
				CLANG_WARN_NON_LITERAL_NULL_CONVERSION = YES;
				CLANG_WARN_OBJC_IMPLICIT_RETAIN_SELF = YES;
				CLANG_WARN_OBJC_LITERAL_CONVERSION = YES;
				CLANG_WARN_OBJC_ROOT_CLASS = YES_ERROR;
				CLANG_WARN_QUOTED_INCLUDE_IN_FRAMEWORK_HEADER = YES;
				CLANG_WARN_RANGE_LOOP_ANALYSIS = YES;
				CLANG_WARN_STRICT_PROTOTYPES = YES;
				CLANG_WARN_SUSPICIOUS_MOVE = YES;
				CLANG_WARN_UNGUARDED_AVAILABILITY = YES_AGGRESSIVE;
				CLANG_WARN_UNREACHABLE_CODE = YES;
				CLANG_WARN__DUPLICATE_METHOD_MATCH = YES;
				COPY_PHASE_STRIP = NO;
				DEBUG_INFORMATION_FORMAT = dwarf;
				ENABLE_STRICT_OBJC_MSGSEND = YES;
				ENABLE_TESTABILITY = YES;
				GCC_C_LANGUAGE_STANDARD = gnu11;
				GCC_DYNAMIC_NO_PIC = NO;
				GCC_NO_COMMON_BLOCKS = YES;
				GCC_OPTIMIZATION_LEVEL = 0;
				GCC_PREPROCESSOR_DEFINITIONS = (
					"DEBUG=1",
					"$(inherited)",
				);
				GCC_WARN_64_TO_32_BIT_CONVERSION = YES;
				GCC_WARN_ABOUT_RETURN_TYPE = YES_ERROR;
				GCC_WARN_UNDECLARED_SELECTOR = YES;
				GCC_WARN_UNINITIALIZED_AUTOS = YES_AGGRESSIVE;
				GCC_WARN_UNUSED_FUNCTION = YES;
				GCC_WARN_UNUSED_VARIABLE = YES;
				IPHONEOS_DEPLOYMENT_TARGET = 14.0;
				MTL_ENABLE_DEBUG_INFO = INCLUDE_SOURCE;
				MTL_FAST_MATH = YES;
				ONLY_ACTIVE_ARCH = YES;
				SDKROOT = iphoneos;
				SWIFT_ACTIVE_COMPILATION_CONDITIONS = DEBUG;
				SWIFT_OPTIMIZATION_LEVEL = "-Onone";
			};
			name = Debug;
		};
		DC74D99925309B5900D808D9 /* Release */ = {
			isa = XCBuildConfiguration;
			buildSettings = {
				ALWAYS_SEARCH_USER_PATHS = NO;
				CLANG_ANALYZER_NONNULL = YES;
				CLANG_ANALYZER_NUMBER_OBJECT_CONVERSION = YES_AGGRESSIVE;
				CLANG_CXX_LANGUAGE_STANDARD = "gnu++14";
				CLANG_CXX_LIBRARY = "libc++";
				CLANG_ENABLE_MODULES = YES;
				CLANG_ENABLE_OBJC_ARC = YES;
				CLANG_ENABLE_OBJC_WEAK = YES;
				CLANG_WARN_BLOCK_CAPTURE_AUTORELEASING = YES;
				CLANG_WARN_BOOL_CONVERSION = YES;
				CLANG_WARN_COMMA = YES;
				CLANG_WARN_CONSTANT_CONVERSION = YES;
				CLANG_WARN_DEPRECATED_OBJC_IMPLEMENTATIONS = YES;
				CLANG_WARN_DIRECT_OBJC_ISA_USAGE = YES_ERROR;
				CLANG_WARN_DOCUMENTATION_COMMENTS = YES;
				CLANG_WARN_EMPTY_BODY = YES;
				CLANG_WARN_ENUM_CONVERSION = YES;
				CLANG_WARN_INFINITE_RECURSION = YES;
				CLANG_WARN_INT_CONVERSION = YES;
				CLANG_WARN_NON_LITERAL_NULL_CONVERSION = YES;
				CLANG_WARN_OBJC_IMPLICIT_RETAIN_SELF = YES;
				CLANG_WARN_OBJC_LITERAL_CONVERSION = YES;
				CLANG_WARN_OBJC_ROOT_CLASS = YES_ERROR;
				CLANG_WARN_QUOTED_INCLUDE_IN_FRAMEWORK_HEADER = YES;
				CLANG_WARN_RANGE_LOOP_ANALYSIS = YES;
				CLANG_WARN_STRICT_PROTOTYPES = YES;
				CLANG_WARN_SUSPICIOUS_MOVE = YES;
				CLANG_WARN_UNGUARDED_AVAILABILITY = YES_AGGRESSIVE;
				CLANG_WARN_UNREACHABLE_CODE = YES;
				CLANG_WARN__DUPLICATE_METHOD_MATCH = YES;
				COPY_PHASE_STRIP = NO;
				DEBUG_INFORMATION_FORMAT = "dwarf-with-dsym";
				ENABLE_NS_ASSERTIONS = NO;
				ENABLE_STRICT_OBJC_MSGSEND = YES;
				GCC_C_LANGUAGE_STANDARD = gnu11;
				GCC_NO_COMMON_BLOCKS = YES;
				GCC_WARN_64_TO_32_BIT_CONVERSION = YES;
				GCC_WARN_ABOUT_RETURN_TYPE = YES_ERROR;
				GCC_WARN_UNDECLARED_SELECTOR = YES;
				GCC_WARN_UNINITIALIZED_AUTOS = YES_AGGRESSIVE;
				GCC_WARN_UNUSED_FUNCTION = YES;
				GCC_WARN_UNUSED_VARIABLE = YES;
				IPHONEOS_DEPLOYMENT_TARGET = 14.0;
				MTL_ENABLE_DEBUG_INFO = NO;
				MTL_FAST_MATH = YES;
				SDKROOT = iphoneos;
				SWIFT_COMPILATION_MODE = wholemodule;
				SWIFT_OPTIMIZATION_LEVEL = "-O";
				VALIDATE_PRODUCT = YES;
			};
			name = Release;
		};
		DC74D99B25309B5900D808D9 /* Debug */ = {
			isa = XCBuildConfiguration;
			buildSettings = {
				ASSETCATALOG_COMPILER_APPICON_NAME = AppIcon;
				ASSETCATALOG_COMPILER_GLOBAL_ACCENT_COLOR_NAME = AccentColor;
				CODE_SIGN_STYLE = Automatic;
				DEVELOPMENT_ASSET_PATHS = "\"DiExample/Preview Content\"";
				ENABLE_PREVIEWS = YES;
				INFOPLIST_FILE = DiExample/Configuration/Info.plist;
				IPHONEOS_DEPLOYMENT_TARGET = 14.0;
				LD_RUNPATH_SEARCH_PATHS = (
					"$(inherited)",
					"@executable_path/Frameworks",
				);
				PRODUCT_BUNDLE_IDENTIFIER = com.jonfir.DiExample;
				PRODUCT_NAME = "$(TARGET_NAME)";
				SWIFT_VERSION = 5.0;
				TARGETED_DEVICE_FAMILY = "1,2";
			};
			name = Debug;
		};
		DC74D99C25309B5900D808D9 /* Release */ = {
			isa = XCBuildConfiguration;
			buildSettings = {
				ASSETCATALOG_COMPILER_APPICON_NAME = AppIcon;
				ASSETCATALOG_COMPILER_GLOBAL_ACCENT_COLOR_NAME = AccentColor;
				CODE_SIGN_STYLE = Automatic;
				DEVELOPMENT_ASSET_PATHS = "\"DiExample/Preview Content\"";
				ENABLE_PREVIEWS = YES;
				INFOPLIST_FILE = DiExample/Configuration/Info.plist;
				IPHONEOS_DEPLOYMENT_TARGET = 14.0;
				LD_RUNPATH_SEARCH_PATHS = (
					"$(inherited)",
					"@executable_path/Frameworks",
				);
				PRODUCT_BUNDLE_IDENTIFIER = com.jonfir.DiExample;
				PRODUCT_NAME = "$(TARGET_NAME)";
				SWIFT_VERSION = 5.0;
				TARGETED_DEVICE_FAMILY = "1,2";
			};
			name = Release;
		};
		DC74D99E25309B5900D808D9 /* Debug */ = {
			isa = XCBuildConfiguration;
			buildSettings = {
				ALWAYS_EMBED_SWIFT_STANDARD_LIBRARIES = YES;
				BUNDLE_LOADER = "$(TEST_HOST)";
				CODE_SIGN_STYLE = Automatic;
				INFOPLIST_FILE = DiExampleTests/Info.plist;
				IPHONEOS_DEPLOYMENT_TARGET = 14.0;
				LD_RUNPATH_SEARCH_PATHS = (
					"$(inherited)",
					"@executable_path/Frameworks",
					"@loader_path/Frameworks",
				);
				PRODUCT_BUNDLE_IDENTIFIER = com.jonfir.DiExampleTests;
				PRODUCT_NAME = "$(TARGET_NAME)";
				SWIFT_VERSION = 5.0;
				TARGETED_DEVICE_FAMILY = "1,2";
				TEST_HOST = "$(BUILT_PRODUCTS_DIR)/DiExample.app/DiExample";
			};
			name = Debug;
		};
		DC74D99F25309B5900D808D9 /* Release */ = {
			isa = XCBuildConfiguration;
			buildSettings = {
				ALWAYS_EMBED_SWIFT_STANDARD_LIBRARIES = YES;
				BUNDLE_LOADER = "$(TEST_HOST)";
				CODE_SIGN_STYLE = Automatic;
				INFOPLIST_FILE = DiExampleTests/Info.plist;
				IPHONEOS_DEPLOYMENT_TARGET = 14.0;
				LD_RUNPATH_SEARCH_PATHS = (
					"$(inherited)",
					"@executable_path/Frameworks",
					"@loader_path/Frameworks",
				);
				PRODUCT_BUNDLE_IDENTIFIER = com.jonfir.DiExampleTests;
				PRODUCT_NAME = "$(TARGET_NAME)";
				SWIFT_VERSION = 5.0;
				TARGETED_DEVICE_FAMILY = "1,2";
				TEST_HOST = "$(BUILT_PRODUCTS_DIR)/DiExample.app/DiExample";
			};
			name = Release;
		};
		DC74D9A125309B5900D808D9 /* Debug */ = {
			isa = XCBuildConfiguration;
			buildSettings = {
				ALWAYS_EMBED_SWIFT_STANDARD_LIBRARIES = YES;
				CODE_SIGN_STYLE = Automatic;
				INFOPLIST_FILE = DiExampleUITests/Info.plist;
				LD_RUNPATH_SEARCH_PATHS = (
					"$(inherited)",
					"@executable_path/Frameworks",
					"@loader_path/Frameworks",
				);
				PRODUCT_BUNDLE_IDENTIFIER = com.jonfir.DiExampleUITests;
				PRODUCT_NAME = "$(TARGET_NAME)";
				SWIFT_VERSION = 5.0;
				TARGETED_DEVICE_FAMILY = "1,2";
				TEST_TARGET_NAME = DiExample;
			};
			name = Debug;
		};
		DC74D9A225309B5900D808D9 /* Release */ = {
			isa = XCBuildConfiguration;
			buildSettings = {
				ALWAYS_EMBED_SWIFT_STANDARD_LIBRARIES = YES;
				CODE_SIGN_STYLE = Automatic;
				INFOPLIST_FILE = DiExampleUITests/Info.plist;
				LD_RUNPATH_SEARCH_PATHS = (
					"$(inherited)",
					"@executable_path/Frameworks",
					"@loader_path/Frameworks",
				);
				PRODUCT_BUNDLE_IDENTIFIER = com.jonfir.DiExampleUITests;
				PRODUCT_NAME = "$(TARGET_NAME)";
				SWIFT_VERSION = 5.0;
				TARGETED_DEVICE_FAMILY = "1,2";
				TEST_TARGET_NAME = DiExample;
			};
			name = Release;
		};
/* End XCBuildConfiguration section */

/* Begin XCConfigurationList section */
		DC74D97025309B5800D808D9 /* Build configuration list for PBXProject "DiExample" */ = {
			isa = XCConfigurationList;
			buildConfigurations = (
				DC74D99825309B5900D808D9 /* Debug */,
				DC74D99925309B5900D808D9 /* Release */,
			);
			defaultConfigurationIsVisible = 0;
			defaultConfigurationName = Release;
		};
		DC74D99A25309B5900D808D9 /* Build configuration list for PBXNativeTarget "DiExample" */ = {
			isa = XCConfigurationList;
			buildConfigurations = (
				DC74D99B25309B5900D808D9 /* Debug */,
				DC74D99C25309B5900D808D9 /* Release */,
			);
			defaultConfigurationIsVisible = 0;
			defaultConfigurationName = Release;
		};
		DC74D99D25309B5900D808D9 /* Build configuration list for PBXNativeTarget "DiExampleTests" */ = {
			isa = XCConfigurationList;
			buildConfigurations = (
				DC74D99E25309B5900D808D9 /* Debug */,
				DC74D99F25309B5900D808D9 /* Release */,
			);
			defaultConfigurationIsVisible = 0;
			defaultConfigurationName = Release;
		};
		DC74D9A025309B5900D808D9 /* Build configuration list for PBXNativeTarget "DiExampleUITests" */ = {
			isa = XCConfigurationList;
			buildConfigurations = (
				DC74D9A125309B5900D808D9 /* Debug */,
				DC74D9A225309B5900D808D9 /* Release */,
			);
			defaultConfigurationIsVisible = 0;
			defaultConfigurationName = Release;
		};
/* End XCConfigurationList section */

/* Begin XCRemoteSwiftPackageReference section */
		F5C396982532021F00A881E9 /* XCRemoteSwiftPackageReference "Alamofire" */ = {
			isa = XCRemoteSwiftPackageReference;
			repositoryURL = "https://github.com/Alamofire/Alamofire";
			requirement = {
				kind = upToNextMajorVersion;
				minimumVersion = 5.2.2;
			};
		};
/* End XCRemoteSwiftPackageReference section */

/* Begin XCSwiftPackageProductDependency section */
		F5C396992532021F00A881E9 /* Alamofire */ = {
			isa = XCSwiftPackageProductDependency;
			package = F5C396982532021F00A881E9 /* XCRemoteSwiftPackageReference "Alamofire" */;
			productName = Alamofire;
		};
/* End XCSwiftPackageProductDependency section */
	};
	rootObject = DC74D96D25309B5800D808D9 /* Project object */;
}
